# This file is automatically @generated by Cargo.
# It is not intended for manual editing.
version = 4

[[package]]
name = "decodeforge"
version = "0.1.0"
dependencies = [
 "decodeforge-core",
 "decodeforge-runtime",
]

[[package]]
name = "decodeforge-core"
version = "0.1.0"

[[package]]
name = "decodeforge-runtime"
version = "0.1.0"
